
Microsoft Visual Studio Solution File, Format Version 12.00
# Visual Studio Version 17
VisualStudioVersion = 17.9.34728.123
MinimumVisualStudioVersion = 10.0.40219.1
Project("{FAE04EC0-301F-11D3-BF4B-00C04F79EFBC}") = "Nastya", "Nastya\Nastya.csproj", "{BF7C31A8-17B2-4031-A840-F76F9B5EDF65}"
EndProject
Global
	GlobalSection(SolutionConfigurationPlatforms) = preSolution
		Debug|Any CPU = Debug|Any CPU
		Release|Any CPU = Release|Any CPU
	EndGlobalSection
	GlobalSection(ProjectConfigurationPlatforms) = postSolution
		{BF7C31A8-17B2-4031-A840-F76F9B5EDF65}.Debug|Any CPU.ActiveCfg = Debug|Any CPU
		{BF7C31A8-17B2-4031-A840-F76F9B5EDF65}.Debug|Any CPU.Build.0 = Debug|Any CPU
		{BF7C31A8-17B2-4031-A840-F76F9B5EDF65}.Release|Any CPU.ActiveCfg = Release|Any CPU
		{BF7C31A8-17B2-4031-A840-F76F9B5EDF65}.Release|Any CPU.Build.0 = Release|Any CPU
	EndGlobalSection
	GlobalSection(SolutionProperties) = preSolution
		HideSolutionNode = FALSE
	EndGlobalSection
	GlobalSection(ExtensibilityGlobals) = postSolution
		SolutionGuid = {E8653CB4-135C-4BAF-99FA-120702F49F58}
	EndGlobalSection
EndGlobal
