
Microsoft Visual Studio Solution File, Format Version 12.00
# Visual Studio Version 17
VisualStudioVersion = 17.6.33815.320
MinimumVisualStudioVersion = 10.0.40219.1
Project("{FAE04EC0-301F-11D3-BF4B-00C04F79EFBC}") = "ExceptionsB3", "ExceptionsB3\ExceptionsB3.csproj", "{FFB05B5E-CABB-4DB1-980D-9C58BF844110}"
EndProject
Global
	GlobalSection(SolutionConfigurationPlatforms) = preSolution
		Debug|Any CPU = Debug|Any CPU
		Release|Any CPU = Release|Any CPU
	EndGlobalSection
	GlobalSection(ProjectConfigurationPlatforms) = postSolution
		{FFB05B5E-CABB-4DB1-980D-9C58BF844110}.Debug|Any CPU.ActiveCfg = Debug|Any CPU
		{FFB05B5E-CABB-4DB1-980D-9C58BF844110}.Debug|Any CPU.Build.0 = Debug|Any CPU
		{FFB05B5E-CABB-4DB1-980D-9C58BF844110}.Release|Any CPU.ActiveCfg = Release|Any CPU
		{FFB05B5E-CABB-4DB1-980D-9C58BF844110}.Release|Any CPU.Build.0 = Release|Any CPU
	EndGlobalSection
	GlobalSection(SolutionProperties) = preSolution
		HideSolutionNode = FALSE
	EndGlobalSection
	GlobalSection(ExtensibilityGlobals) = postSolution
		SolutionGuid = {9FBA6773-9AD0-45EA-B8AB-24C40176E6DA}
	EndGlobalSection
EndGlobal
